{
  "version": 4,
  "terraform_version": "1.12.1",
  "serial": 8,
  "lineage": "f94b3608-4ced-d1ba-423c-41d1da3a262b",
  "outputs": {},
  "resources": [
    {
      "mode": "data",
      "type": "oci_core_images",
      "name": "OSImage",
      "provider": "provider[\"registry.terraform.io/hashicorp/oci\"]",
      "instances": [
        {
          "schema_version": 0,
          "attributes": {
            "compartment_id": "ocid1.tenancy.oc1..aaaaaaaagvof5hewab5mwktld64hfnmrwv7mz5e7jez4v5ylq6swl2kveawa",
            "display_name": null,
            "filter": null,
            "id": "CoreImagesDataSource-1757136981",
            "images": [
              {
                "agent_features": [],
                "base_image_id": "",
                "billable_size_in_gbs": "3",
                "compartment_id": "",
                "create_image_allowed": true,
                "defined_tags": {},
                "display_name": "Canonical-Ubuntu-22.04-2025.05.20-0",
                "freeform_tags": {},
                "id": "ocid1.image.oc1.eu-frankfurt-1.aaaaaaaapyern7on7cez3ajw564k6dthrojwwkccbl72etbetsio7byq35wa",
                "image_source_details": [],
                "instance_id": "",
                "launch_mode": "NATIVE",
                "launch_options": [
                  {
                    "boot_volume_type": "PARAVIRTUALIZED",
                    "firmware": "UEFI_64",
                    "is_consistent_volume_naming_enabled": true,
                    "is_pv_encryption_in_transit_enabled": true,
                    "network_type": "PARAVIRTUALIZED",
                    "remote_data_volume_type": "PARAVIRTUALIZED"
                  }
                ],
                "listing_type": "",
                "operating_system": "Canonical Ubuntu",
                "operating_system_version": "22.04",
                "size_in_mbs": "47694",
                "state": "AVAILABLE",
                "time_created": "2025-05-22 02:02:54.069 +0000 UTC"
              },
              {
                "agent_features": [],
                "base_image_id": "",
                "billable_size_in_gbs": "3",
                "compartment_id": "",
                "create_image_allowed": true,
                "defined_tags": {},
                "display_name": "Canonical-Ubuntu-22.04-2025.03.28-0",
                "freeform_tags": {},
                "id": "ocid1.image.oc1.eu-frankfurt-1.aaaaaaaamc4tcw6rrtilenfwbkft5udpny7cex6ur6ivd63rta47ccvcr6dq",
                "image_source_details": [],
                "instance_id": "",
                "launch_mode": "NATIVE",
                "launch_options": [
                  {
                    "boot_volume_type": "PARAVIRTUALIZED",
                    "firmware": "UEFI_64",
                    "is_consistent_volume_naming_enabled": true,
                    "is_pv_encryption_in_transit_enabled": true,
                    "network_type": "PARAVIRTUALIZED",
                    "remote_data_volume_type": "PARAVIRTUALIZED"
                  }
                ],
                "listing_type": "",
                "operating_system": "Canonical Ubuntu",
                "operating_system_version": "22.04",
                "size_in_mbs": "47694",
                "state": "AVAILABLE",
                "time_created": "2025-03-30 16:50:40.431 +0000 UTC"
              },
              {
                "agent_features": [],
                "base_image_id": "",
                "billable_size_in_gbs": "3",
                "compartment_id": "",
                "create_image_allowed": true,
                "defined_tags": {},
                "display_name": "Canonical-Ubuntu-22.04-2025.01.31-1",
                "freeform_tags": {},
                "id": "ocid1.image.oc1.eu-frankfurt-1.aaaaaaaads55hcjgl452i7hnmuzegyvaxizphecy566cb2noook2nwcvytja",
                "image_source_details": [],
                "instance_id": "",
                "launch_mode": "NATIVE",
                "launch_options": [
                  {
                    "boot_volume_type": "PARAVIRTUALIZED",
                    "firmware": "UEFI_64",
                    "is_consistent_volume_naming_enabled": true,
                    "is_pv_encryption_in_transit_enabled": true,
                    "network_type": "PARAVIRTUALIZED",
                    "remote_data_volume_type": "PARAVIRTUALIZED"
                  }
                ],
                "listing_type": "",
                "operating_system": "Canonical Ubuntu",
                "operating_system_version": "22.04",
                "size_in_mbs": "47694",
                "state": "AVAILABLE",
                "time_created": "2025-03-20 15:04:22.418 +0000 UTC"
              }
            ],
            "operating_system": "Canonical Ubuntu",
            "operating_system_version": "22.04",
            "shape": "VM.Standard.E2.1.Micro",
            "sort_by": null,
            "sort_order": null,
            "state": null
          },
          "sensitive_attributes": [],
          "identity_schema_version": 0
        }
      ]
    },
    {
      "mode": "data",
      "type": "oci_identity_availability_domains",
      "name": "ADs",
      "provider": "provider[\"registry.terraform.io/hashicorp/oci\"]",
      "instances": [
        {
          "schema_version": 0,
          "attributes": {
            "availability_domains": [
              {
                "compartment_id": "ocid1.tenancy.oc1..aaaaaaaagvof5hewab5mwktld64hfnmrwv7mz5e7jez4v5ylq6swl2kveawa",
                "id": "ocid1.availabilitydomain.oc1..aaaaaaaalcdcbl7u6akbmkojxhrozpj2v7yavqqydkj3ytyjbt47lnoqnm2q",
                "name": "oHdD:EU-FRANKFURT-1-AD-1"
              },
              {
                "compartment_id": "ocid1.tenancy.oc1..aaaaaaaagvof5hewab5mwktld64hfnmrwv7mz5e7jez4v5ylq6swl2kveawa",
                "id": "ocid1.availabilitydomain.oc1..aaaaaaaaa2artt5wizbqvwl3rgptylx2l7jqbnyv4dygcfvlrd3dphvi3mdq",
                "name": "oHdD:EU-FRANKFURT-1-AD-2"
              },
              {
                "compartment_id": "ocid1.tenancy.oc1..aaaaaaaagvof5hewab5mwktld64hfnmrwv7mz5e7jez4v5ylq6swl2kveawa",
                "id": "ocid1.availabilitydomain.oc1..aaaaaaaaiifj24st3w4j7cowuo3pmqcuqwjapjv435vtjmgh5j7q3flguwna",
                "name": "oHdD:EU-FRANKFURT-1-AD-3"
              }
            ],
            "compartment_id": "ocid1.tenancy.oc1..aaaaaaaagvof5hewab5mwktld64hfnmrwv7mz5e7jez4v5ylq6swl2kveawa",
            "filter": null,
            "id": "IdentityAvailabilityDomainsDataSource-708126002"
          },
          "sensitive_attributes": [],
          "identity_schema_version": 0
        }
      ]
    },
    {
      "mode": "data",
      "type": "oci_identity_availability_domains",
      "name": "ads",
      "provider": "provider[\"registry.terraform.io/hashicorp/oci\"]",
      "instances": [
        {
          "schema_version": 0,
          "attributes": {
            "availability_domains": [
              {
                "compartment_id": "ocid1.tenancy.oc1..aaaaaaaagvof5hewab5mwktld64hfnmrwv7mz5e7jez4v5ylq6swl2kveawa",
                "id": "ocid1.availabilitydomain.oc1..aaaaaaaalcdcbl7u6akbmkojxhrozpj2v7yavqqydkj3ytyjbt47lnoqnm2q",
                "name": "oHdD:EU-FRANKFURT-1-AD-1"
              },
              {
                "compartment_id": "ocid1.tenancy.oc1..aaaaaaaagvof5hewab5mwktld64hfnmrwv7mz5e7jez4v5ylq6swl2kveawa",
                "id": "ocid1.availabilitydomain.oc1..aaaaaaaaa2artt5wizbqvwl3rgptylx2l7jqbnyv4dygcfvlrd3dphvi3mdq",
                "name": "oHdD:EU-FRANKFURT-1-AD-2"
              },
              {
                "compartment_id": "ocid1.tenancy.oc1..aaaaaaaagvof5hewab5mwktld64hfnmrwv7mz5e7jez4v5ylq6swl2kveawa",
                "id": "ocid1.availabilitydomain.oc1..aaaaaaaaiifj24st3w4j7cowuo3pmqcuqwjapjv435vtjmgh5j7q3flguwna",
                "name": "oHdD:EU-FRANKFURT-1-AD-3"
              }
            ],
            "compartment_id": "ocid1.tenancy.oc1..aaaaaaaagvof5hewab5mwktld64hfnmrwv7mz5e7jez4v5ylq6swl2kveawa",
            "filter": null,
            "id": "IdentityAvailabilityDomainsDataSource-708126002"
          },
          "sensitive_attributes": [],
          "identity_schema_version": 0
        }
      ]
    },
    {
      "mode": "data",
      "type": "oci_identity_region_subscriptions",
      "name": "home_region_subscriptions",
      "provider": "provider[\"registry.terraform.io/hashicorp/oci\"]",
      "instances": [
        {
          "schema_version": 0,
          "attributes": {
            "filter": [
              {
                "name": "is_home_region",
                "regex": false,
                "values": [
                  "true"
                ]
              }
            ],
            "id": "IdentityRegionSubscriptionsDataSource-708126002",
            "region_subscriptions": [
              {
                "is_home_region": true,
                "region_key": "FRA",
                "region_name": "eu-frankfurt-1",
                "state": "READY",
                "tenancy_id": ""
              }
            ],
            "tenancy_id": "ocid1.tenancy.oc1..aaaaaaaagvof5hewab5mwktld64hfnmrwv7mz5e7jez4v5ylq6swl2kveawa"
          },
          "sensitive_attributes": [],
          "identity_schema_version": 0
        }
      ]
    },
    {
      "mode": "managed",
      "type": "oci_core_dhcp_options",
      "name": "bigtappDhcpOptions1",
      "provider": "provider[\"registry.terraform.io/hashicorp/oci\"]",
      "instances": [
        {
          "schema_version": 0,
          "attributes": {
            "compartment_id": "ocid1.compartment.oc1..aaaaaaaa3xtl7p6izjnbgzvkmfzrrcmdtdffm55o3ilup6ehybwdorrumyxq",
            "defined_tags": {
              "Oracle-Tags.CreatedBy": "default/j0904.cui@gmail.com",
              "Oracle-Tags.CreatedOn": "2025-06-09T16:23:24.889Z"
            },
            "display_name": "bigtappDHCPOptions1",
            "domain_name_type": "CUSTOM_DOMAIN",
            "freeform_tags": {},
            "id": "ocid1.dhcpoptions.oc1.eu-frankfurt-1.aaaaaaaaugtaovofoqt6zaye2h4qx3kekvqdj7jqfjacdtkci6zzv6y3f5oa",
            "options": [
              {
                "custom_dns_servers": [],
                "search_domain_names": [
                  "bigtapp.com"
                ],
                "server_type": "",
                "type": "SearchDomain"
              },
              {
                "custom_dns_servers": [],
                "search_domain_names": [],
                "server_type": "VcnLocalPlusInternet",
                "type": "DomainNameServer"
              }
            ],
            "state": "AVAILABLE",
            "time_created": "2025-06-09 16:23:24.921 +0000 UTC",
            "timeouts": null,
            "vcn_id": "ocid1.vcn.oc1.eu-frankfurt-1.amaaaaaae4pec2qaqtdxzxd7t5w5qujqkbuuun5wcoucul6efv5xwn6x4mra"
          },
          "sensitive_attributes": [],
          "identity_schema_version": 0,
          "private": "eyJlMmJmYjczMC1lY2FhLTExZTYtOGY4OC0zNDM2M2JjN2M0YzAiOnsiY3JlYXRlIjoxMjAwMDAwMDAwMDAwLCJkZWxldGUiOjEyMDAwMDAwMDAwMDAsInVwZGF0ZSI6MTIwMDAwMDAwMDAwMH19",
          "dependencies": [
            "data.oci_identity_region_subscriptions.home_region_subscriptions",
            "oci_core_virtual_network.bigtappVCN",
            "oci_identity_compartment.bigtappCompartment"
          ]
        }
      ]
    },
    {
      "mode": "managed",
      "type": "oci_core_internet_gateway",
      "name": "bigtappInternetGateway",
      "provider": "provider[\"registry.terraform.io/hashicorp/oci\"]",
      "instances": [
        {
          "schema_version": 0,
          "attributes": {
            "compartment_id": "ocid1.compartment.oc1..aaaaaaaa3xtl7p6izjnbgzvkmfzrrcmdtdffm55o3ilup6ehybwdorrumyxq",
            "defined_tags": {
              "Oracle-Tags.CreatedBy": "default/j0904.cui@gmail.com",
              "Oracle-Tags.CreatedOn": "2025-06-09T16:23:24.739Z"
            },
            "display_name": "bigtappInternetGateway",
            "enabled": true,
            "freeform_tags": {},
            "id": "ocid1.internetgateway.oc1.eu-frankfurt-1.aaaaaaaa2ip6stc4ejshpapay2672tyaeo2fkyx7sep7chmurc7ed7dshzhq",
            "route_table_id": null,
            "state": "AVAILABLE",
            "time_created": "2025-06-09 16:23:24.801 +0000 UTC",
            "timeouts": null,
            "vcn_id": "ocid1.vcn.oc1.eu-frankfurt-1.amaaaaaae4pec2qaqtdxzxd7t5w5qujqkbuuun5wcoucul6efv5xwn6x4mra"
          },
          "sensitive_attributes": [],
          "identity_schema_version": 0,
          "private": "eyJlMmJmYjczMC1lY2FhLTExZTYtOGY4OC0zNDM2M2JjN2M0YzAiOnsiY3JlYXRlIjoxMjAwMDAwMDAwMDAwLCJkZWxldGUiOjEyMDAwMDAwMDAwMDAsInVwZGF0ZSI6MTIwMDAwMDAwMDAwMH19",
          "dependencies": [
            "data.oci_identity_region_subscriptions.home_region_subscriptions",
            "oci_core_virtual_network.bigtappVCN",
            "oci_identity_compartment.bigtappCompartment"
          ]
        }
      ]
    },
    {
      "mode": "managed",
      "type": "oci_core_route_table",
      "name": "bigtappRouteTableViaIGW",
      "provider": "provider[\"registry.terraform.io/hashicorp/oci\"]",
      "instances": [
        {
          "schema_version": 0,
          "attributes": {
            "compartment_id": "ocid1.compartment.oc1..aaaaaaaa3xtl7p6izjnbgzvkmfzrrcmdtdffm55o3ilup6ehybwdorrumyxq",
            "defined_tags": {
              "Oracle-Tags.CreatedBy": "default/j0904.cui@gmail.com",
              "Oracle-Tags.CreatedOn": "2025-06-09T16:23:25.194Z"
            },
            "display_name": "bigtappRouteTableViaIGW",
            "freeform_tags": {},
            "id": "ocid1.routetable.oc1.eu-frankfurt-1.aaaaaaaanofdjv3mftle45iuzw6xhz32fhunv5kdffitu7dig7xhy3vqp5oa",
            "route_rules": [
              {
                "cidr_block": "",
                "description": "",
                "destination": "0.0.0.0/0",
                "destination_type": "CIDR_BLOCK",
                "network_entity_id": "ocid1.internetgateway.oc1.eu-frankfurt-1.aaaaaaaa2ip6stc4ejshpapay2672tyaeo2fkyx7sep7chmurc7ed7dshzhq",
                "route_type": ""
              }
            ],
            "state": "AVAILABLE",
            "time_created": "2025-06-09 16:23:25.216 +0000 UTC",
            "timeouts": null,
            "vcn_id": "ocid1.vcn.oc1.eu-frankfurt-1.amaaaaaae4pec2qaqtdxzxd7t5w5qujqkbuuun5wcoucul6efv5xwn6x4mra"
          },
          "sensitive_attributes": [],
          "identity_schema_version": 0,
          "private": "eyJlMmJmYjczMC1lY2FhLTExZTYtOGY4OC0zNDM2M2JjN2M0YzAiOnsiY3JlYXRlIjoxMjAwMDAwMDAwMDAwLCJkZWxldGUiOjEyMDAwMDAwMDAwMDAsInVwZGF0ZSI6MTIwMDAwMDAwMDAwMH19",
          "dependencies": [
            "data.oci_identity_region_subscriptions.home_region_subscriptions",
            "oci_core_internet_gateway.bigtappInternetGateway",
            "oci_core_virtual_network.bigtappVCN",
            "oci_identity_compartment.bigtappCompartment"
          ]
        }
      ]
    },
    {
      "mode": "managed",
      "type": "oci_core_security_list",
      "name": "bigtappSecurityList",
      "provider": "provider[\"registry.terraform.io/hashicorp/oci\"]",
      "instances": [
        {
          "schema_version": 0,
          "attributes": {
            "compartment_id": "ocid1.compartment.oc1..aaaaaaaa3xtl7p6izjnbgzvkmfzrrcmdtdffm55o3ilup6ehybwdorrumyxq",
            "defined_tags": {
              "Oracle-Tags.CreatedBy": "default/j0904.cui@gmail.com",
              "Oracle-Tags.CreatedOn": "2025-06-09T16:23:24.888Z"
            },
            "display_name": "bigtappSecurityList",
            "egress_security_rules": [
              {
                "description": "",
                "destination": "0.0.0.0/0",
                "destination_type": "CIDR_BLOCK",
                "icmp_options": [],
                "protocol": "6",
                "stateless": false,
                "tcp_options": [],
                "udp_options": []
              }
            ],
            "freeform_tags": {},
            "id": "ocid1.securitylist.oc1.eu-frankfurt-1.aaaaaaaaixk5xp25dttgbmlfm3cqy5n5tzmtfbjfixgqucluhrgr376edzia",
            "ingress_security_rules": [
              {
                "description": "",
                "icmp_options": [],
                "protocol": "6",
                "source": "0.0.0.0/0",
                "source_type": "CIDR_BLOCK",
                "stateless": false,
                "tcp_options": [
                  {
                    "max": 22,
                    "min": 22,
                    "source_port_range": []
                  }
                ],
                "udp_options": []
              },
              {
                "description": "",
                "icmp_options": [],
                "protocol": "6",
                "source": "0.0.0.0/0",
                "source_type": "CIDR_BLOCK",
                "stateless": false,
                "tcp_options": [
                  {
                    "max": 443,
                    "min": 443,
                    "source_port_range": []
                  }
                ],
                "udp_options": []
              },
              {
                "description": "",
                "icmp_options": [],
                "protocol": "6",
                "source": "0.0.0.0/0",
                "source_type": "CIDR_BLOCK",
                "stateless": false,
                "tcp_options": [
                  {
                    "max": 80,
                    "min": 80,
                    "source_port_range": []
                  }
                ],
                "udp_options": []
              },
              {
                "description": "",
                "icmp_options": [],
                "protocol": "6",
                "source": "10.0.0.0/16",
                "source_type": "CIDR_BLOCK",
                "stateless": false,
                "tcp_options": [],
                "udp_options": []
              }
            ],
            "state": "AVAILABLE",
            "time_created": "2025-06-09 16:23:24.921 +0000 UTC",
            "timeouts": null,
            "vcn_id": "ocid1.vcn.oc1.eu-frankfurt-1.amaaaaaae4pec2qaqtdxzxd7t5w5qujqkbuuun5wcoucul6efv5xwn6x4mra"
          },
          "sensitive_attributes": [],
          "identity_schema_version": 0,
          "private": "eyJlMmJmYjczMC1lY2FhLTExZTYtOGY4OC0zNDM2M2JjN2M0YzAiOnsiY3JlYXRlIjoxMjAwMDAwMDAwMDAwLCJkZWxldGUiOjEyMDAwMDAwMDAwMDAsInVwZGF0ZSI6MTIwMDAwMDAwMDAwMH19",
          "dependencies": [
            "data.oci_identity_region_subscriptions.home_region_subscriptions",
            "oci_core_virtual_network.bigtappVCN",
            "oci_identity_compartment.bigtappCompartment"
          ]
        }
      ]
    },
    {
      "mode": "managed",
      "type": "oci_core_subnet",
      "name": "bigtappWebSubnet",
      "provider": "provider[\"registry.terraform.io/hashicorp/oci\"]",
      "instances": [
        {
          "schema_version": 0,
          "attributes": {
            "availability_domain": null,
            "cidr_block": "10.0.1.0/24",
            "compartment_id": "ocid1.compartment.oc1..aaaaaaaa3xtl7p6izjnbgzvkmfzrrcmdtdffm55o3ilup6ehybwdorrumyxq",
            "defined_tags": {
              "Oracle-Tags.CreatedBy": "default/j0904.cui@gmail.com",
              "Oracle-Tags.CreatedOn": "2025-06-09T16:23:25.564Z"
            },
            "dhcp_options_id": "ocid1.dhcpoptions.oc1.eu-frankfurt-1.aaaaaaaaugtaovofoqt6zaye2h4qx3kekvqdj7jqfjacdtkci6zzv6y3f5oa",
            "display_name": "bigtappWebSubnet",
            "dns_label": "bigtappn1",
            "freeform_tags": {},
            "id": "ocid1.subnet.oc1.eu-frankfurt-1.aaaaaaaackh5bqvteiugyhti2s7ghbwt3c2h2eemumuzmhbxgnfwdqvgvmla",
            "ipv6cidr_block": null,
            "ipv6cidr_blocks": [],
            "ipv6virtual_router_ip": null,
            "prohibit_internet_ingress": false,
            "prohibit_public_ip_on_vnic": false,
            "route_table_id": "ocid1.routetable.oc1.eu-frankfurt-1.aaaaaaaanofdjv3mftle45iuzw6xhz32fhunv5kdffitu7dig7xhy3vqp5oa",
            "security_list_ids": [
              "ocid1.securitylist.oc1.eu-frankfurt-1.aaaaaaaaixk5xp25dttgbmlfm3cqy5n5tzmtfbjfixgqucluhrgr376edzia"
            ],
            "state": "AVAILABLE",
            "subnet_domain_name": "bigtappn1.bigtappvcn.oraclevcn.com",
            "time_created": "2025-06-09 16:23:25.603 +0000 UTC",
            "timeouts": null,
            "vcn_id": "ocid1.vcn.oc1.eu-frankfurt-1.amaaaaaae4pec2qaqtdxzxd7t5w5qujqkbuuun5wcoucul6efv5xwn6x4mra",
            "virtual_router_ip": "10.0.1.1",
            "virtual_router_mac": "00:00:17:EB:09:05"
          },
          "sensitive_attributes": [],
          "identity_schema_version": 0,
          "private": "eyJlMmJmYjczMC1lY2FhLTExZTYtOGY4OC0zNDM2M2JjN2M0YzAiOnsiY3JlYXRlIjoxMjAwMDAwMDAwMDAwLCJkZWxldGUiOjEyMDAwMDAwMDAwMDAsInVwZGF0ZSI6MTIwMDAwMDAwMDAwMH19",
          "dependencies": [
            "data.oci_identity_region_subscriptions.home_region_subscriptions",
            "oci_core_dhcp_options.bigtappDhcpOptions1",
            "oci_core_internet_gateway.bigtappInternetGateway",
            "oci_core_route_table.bigtappRouteTableViaIGW",
            "oci_core_security_list.bigtappSecurityList",
            "oci_core_virtual_network.bigtappVCN",
            "oci_identity_compartment.bigtappCompartment"
          ]
        }
      ]
    },
    {
      "mode": "managed",
      "type": "oci_core_virtual_network",
      "name": "bigtappVCN",
      "provider": "provider[\"registry.terraform.io/hashicorp/oci\"]",
      "instances": [
        {
          "schema_version": 0,
          "attributes": {
            "byoipv6cidr_blocks": [],
            "byoipv6cidr_details": null,
            "cidr_block": "10.0.0.0/16",
            "cidr_blocks": [
              "10.0.0.0/16"
            ],
            "compartment_id": "ocid1.compartment.oc1..aaaaaaaa3xtl7p6izjnbgzvkmfzrrcmdtdffm55o3ilup6ehybwdorrumyxq",
            "default_dhcp_options_id": "ocid1.dhcpoptions.oc1.eu-frankfurt-1.aaaaaaaaew3oef333d37kvsgzuc74apauppfrytp4nmi6fp25kiapyzlqiuq",
            "default_route_table_id": "ocid1.routetable.oc1.eu-frankfurt-1.aaaaaaaaeasqu3xrivjsduijjqrn4ofzk34und33t5iujnihep6zuyiy5r6a",
            "default_security_list_id": "ocid1.securitylist.oc1.eu-frankfurt-1.aaaaaaaakwxvoxfjn63l2hkr33fc4ub5qsy6ovc7chue6xmwkazcxxh6uafa",
            "defined_tags": {
              "Oracle-Tags.CreatedBy": "default/j0904.cui@gmail.com",
              "Oracle-Tags.CreatedOn": "2025-06-09T16:23:24.008Z"
            },
            "display_name": "bigtappVCN",
            "dns_label": "bigtappvcn",
            "freeform_tags": {},
            "id": "ocid1.vcn.oc1.eu-frankfurt-1.amaaaaaae4pec2qaqtdxzxd7t5w5qujqkbuuun5wcoucul6efv5xwn6x4mra",
            "ipv6cidr_blocks": [],
            "ipv6private_cidr_blocks": [],
            "is_ipv6enabled": false,
            "is_oracle_gua_allocation_enabled": null,
            "security_attributes": {},
            "state": "AVAILABLE",
            "time_created": "2025-06-09 16:23:24.07 +0000 UTC",
            "timeouts": null,
            "vcn_domain_name": "bigtappvcn.oraclevcn.com"
          },
          "sensitive_attributes": [],
          "identity_schema_version": 0,
          "private": "eyJlMmJmYjczMC1lY2FhLTExZTYtOGY4OC0zNDM2M2JjN2M0YzAiOnsiY3JlYXRlIjoxMjAwMDAwMDAwMDAwLCJkZWxldGUiOjEyMDAwMDAwMDAwMDAsInVwZGF0ZSI6MTIwMDAwMDAwMDAwMH19",
          "dependencies": [
            "data.oci_identity_region_subscriptions.home_region_subscriptions",
            "oci_identity_compartment.bigtappCompartment"
          ]
        }
      ]
    },
    {
      "mode": "managed",
      "type": "oci_identity_compartment",
      "name": "bigt2Compartment",
      "provider": "provider[\"registry.terraform.io/hashicorp/oci\"]",
      "instances": [
        {
          "schema_version": 0,
          "attributes": {
            "compartment_id": "ocid1.tenancy.oc1..aaaaaaaagvof5hewab5mwktld64hfnmrwv7mz5e7jez4v5ylq6swl2kveawa",
            "defined_tags": {
              "Oracle-Tags.CreatedBy": "default/j0904.cui@gmail.com",
              "Oracle-Tags.CreatedOn": "2025-06-09T16:22:22.479Z"
            },
            "description": "Compartment for bigt2 resources",
            "enable_delete": true,
            "freeform_tags": {},
            "id": "ocid1.compartment.oc1..aaaaaaaafva26htgxrr5z4irh2bkbufqvohjkzvcigc4u7q3uw6mttbcvqya",
            "inactive_state": null,
            "is_accessible": true,
            "name": "bigt2-compartment",
            "state": "ACTIVE",
            "time_created": "2025-06-09 16:22:22.527 +0000 UTC",
            "timeouts": null
          },
          "sensitive_attributes": [],
          "identity_schema_version": 0,
          "private": "eyJlMmJmYjczMC1lY2FhLTExZTYtOGY4OC0zNDM2M2JjN2M0YzAiOnsiZGVsZXRlIjo1NDAwMDAwMDAwMDAwfX0="
        }
      ]
    },
    {
      "mode": "managed",
      "type": "oci_identity_compartment",
      "name": "bigtappCompartment",
      "provider": "provider[\"registry.terraform.io/hashicorp/oci\"].homeregion",
      "instances": [
        {
          "schema_version": 0,
          "attributes": {
            "compartment_id": "ocid1.tenancy.oc1..aaaaaaaagvof5hewab5mwktld64hfnmrwv7mz5e7jez4v5ylq6swl2kveawa",
            "defined_tags": {
              "Oracle-Tags.CreatedBy": "default/j0904.cui@gmail.com",
              "Oracle-Tags.CreatedOn": "2025-05-26T14:51:02.598Z"
            },
            "description": "bigtapp Compartment",
            "enable_delete": null,
            "freeform_tags": {},
            "id": "ocid1.compartment.oc1..aaaaaaaa3xtl7p6izjnbgzvkmfzrrcmdtdffm55o3ilup6ehybwdorrumyxq",
            "inactive_state": null,
            "is_accessible": true,
            "name": "bigtappCompartment",
            "state": "ACTIVE",
            "time_created": "2025-05-26 14:51:02.661 +0000 UTC",
            "timeouts": null
          },
          "sensitive_attributes": [],
          "identity_schema_version": 0,
          "private": "eyJlMmJmYjczMC1lY2FhLTExZTYtOGY4OC0zNDM2M2JjN2M0YzAiOnsiZGVsZXRlIjo1NDAwMDAwMDAwMDAwfX0=",
          "dependencies": [
            "data.oci_identity_region_subscriptions.home_region_subscriptions"
          ]
        }
      ]
    }
  ],
  "check_results": [
    {
      "object_kind": "var",
      "config_addr": "var.VCN-CIDR",
      "status": "pass",
      "objects": [
        {
          "object_addr": "var.VCN-CIDR",
          "status": "pass"
        }
      ]
    },
    {
      "object_kind": "var",
      "config_addr": "var.Subnet-CIDR",
      "status": "pass",
      "objects": [
        {
          "object_addr": "var.Subnet-CIDR",
          "status": "pass"
        }
      ]
    }
  ]
}
