{
  "version": 4,
  "terraform_version": "1.12.1",
  "serial": 27,
  "lineage": "34b9801c-4759-13af-a683-552cdd98dcec",
  "outputs": {
    "bigtappWebserver1PublicIP": {
      "value": [
        "138.2.167.138"
      ],
      "type": [
        "tuple",
        [
          "string"
        ]
      ]
    }
  },
  "resources": [
    {
      "mode": "data",
      "type": "oci_core_images",
      "name": "OSImage",
      "provider": "provider[\"registry.terraform.io/hashicorp/oci\"]",
      "instances": [
        {
          "schema_version": 0,
          "attributes": {
            "compartment_id": "ocid1.tenancy.oc1..aaaaaaaagvof5hewab5mwktld64hfnmrwv7mz5e7jez4v5ylq6swl2kveawa",
            "display_name": null,
            "filter": null,
            "id": "CoreImagesDataSource-1757136981",
            "images": [
              {
                "agent_features": [],
                "base_image_id": "",
                "billable_size_in_gbs": "3",
                "compartment_id": "",
                "create_image_allowed": true,
                "defined_tags": {},
                "display_name": "Canonical-Ubuntu-22.04-2025.05.20-0",
                "freeform_tags": {},
                "id": "ocid1.image.oc1.eu-frankfurt-1.aaaaaaaapyern7on7cez3ajw564k6dthrojwwkccbl72etbetsio7byq35wa",
                "image_source_details": [],
                "instance_id": "",
                "launch_mode": "NATIVE",
                "launch_options": [
                  {
                    "boot_volume_type": "PARAVIRTUALIZED",
                    "firmware": "UEFI_64",
                    "is_consistent_volume_naming_enabled": true,
                    "is_pv_encryption_in_transit_enabled": true,
                    "network_type": "PARAVIRTUALIZED",
                    "remote_data_volume_type": "PARAVIRTUALIZED"
                  }
                ],
                "listing_type": "",
                "operating_system": "Canonical Ubuntu",
                "operating_system_version": "22.04",
                "size_in_mbs": "47694",
                "state": "AVAILABLE",
                "time_created": "2025-05-22 02:02:54.069 +0000 UTC"
              },
              {
                "agent_features": [],
                "base_image_id": "",
                "billable_size_in_gbs": "3",
                "compartment_id": "",
                "create_image_allowed": true,
                "defined_tags": {},
                "display_name": "Canonical-Ubuntu-22.04-2025.03.28-0",
                "freeform_tags": {},
                "id": "ocid1.image.oc1.eu-frankfurt-1.aaaaaaaamc4tcw6rrtilenfwbkft5udpny7cex6ur6ivd63rta47ccvcr6dq",
                "image_source_details": [],
                "instance_id": "",
                "launch_mode": "NATIVE",
                "launch_options": [
                  {
                    "boot_volume_type": "PARAVIRTUALIZED",
                    "firmware": "UEFI_64",
                    "is_consistent_volume_naming_enabled": true,
                    "is_pv_encryption_in_transit_enabled": true,
                    "network_type": "PARAVIRTUALIZED",
                    "remote_data_volume_type": "PARAVIRTUALIZED"
                  }
                ],
                "listing_type": "",
                "operating_system": "Canonical Ubuntu",
                "operating_system_version": "22.04",
                "size_in_mbs": "47694",
                "state": "AVAILABLE",
                "time_created": "2025-03-30 16:50:40.431 +0000 UTC"
              },
              {
                "agent_features": [],
                "base_image_id": "",
                "billable_size_in_gbs": "3",
                "compartment_id": "",
                "create_image_allowed": true,
                "defined_tags": {},
                "display_name": "Canonical-Ubuntu-22.04-2025.01.31-1",
                "freeform_tags": {},
                "id": "ocid1.image.oc1.eu-frankfurt-1.aaaaaaaads55hcjgl452i7hnmuzegyvaxizphecy566cb2noook2nwcvytja",
                "image_source_details": [],
                "instance_id": "",
                "launch_mode": "NATIVE",
                "launch_options": [
                  {
                    "boot_volume_type": "PARAVIRTUALIZED",
                    "firmware": "UEFI_64",
                    "is_consistent_volume_naming_enabled": true,
                    "is_pv_encryption_in_transit_enabled": true,
                    "network_type": "PARAVIRTUALIZED",
                    "remote_data_volume_type": "PARAVIRTUALIZED"
                  }
                ],
                "listing_type": "",
                "operating_system": "Canonical Ubuntu",
                "operating_system_version": "22.04",
                "size_in_mbs": "47694",
                "state": "AVAILABLE",
                "time_created": "2025-03-20 15:04:22.418 +0000 UTC"
              }
            ],
            "operating_system": "Canonical Ubuntu",
            "operating_system_version": "22.04",
            "shape": "VM.Standard.E2.1.Micro",
            "sort_by": null,
            "sort_order": null,
            "state": null
          },
          "sensitive_attributes": [],
          "identity_schema_version": 0
        }
      ]
    },
    {
      "mode": "data",
      "type": "oci_core_vnic",
      "name": "bigtappWebserver1_VNIC1",
      "provider": "provider[\"registry.terraform.io/hashicorp/oci\"]",
      "instances": [
        {
          "schema_version": 0,
          "attributes": {
            "availability_domain": "oHdD:EU-FRANKFURT-1-AD-1",
            "compartment_id": "ocid1.compartment.oc1..aaaaaaaa3xtl7p6izjnbgzvkmfzrrcmdtdffm55o3ilup6ehybwdorrumyxq",
            "defined_tags": {
              "Oracle-Tags.CreatedBy": "default/j0904.cui@gmail.com",
              "Oracle-Tags.CreatedOn": "2025-05-26T17:43:48.269Z"
            },
            "display_name": "bigtappWebServer",
            "freeform_tags": {},
            "hostname_label": "bigtappwebserver",
            "id": "ocid1.vnic.oc1.eu-frankfurt-1.abtheljtcwwspfnf3mjyb6vbycxezy77oqu3vxzaycf475frdrg3iovuqxla",
            "ipv6addresses": [],
            "is_primary": true,
            "mac_address": "00:00:17:02:3A:37",
            "nsg_ids": [],
            "private_ip_address": "10.0.1.66",
            "public_ip_address": "138.2.167.138",
            "route_table_id": null,
            "security_attributes": {},
            "skip_source_dest_check": false,
            "state": "AVAILABLE",
            "subnet_id": "ocid1.subnet.oc1.eu-frankfurt-1.aaaaaaaabizsshmq3iuqb7k7lua7mffvcgjsze3qbeza4gtj54smps6wgvlq",
            "time_created": "2025-05-26 17:43:51.033 +0000 UTC",
            "vlan_id": null,
            "vnic_id": "ocid1.vnic.oc1.eu-frankfurt-1.abtheljtcwwspfnf3mjyb6vbycxezy77oqu3vxzaycf475frdrg3iovuqxla"
          },
          "sensitive_attributes": [],
          "identity_schema_version": 0
        }
      ]
    },
    {
      "mode": "data",
      "type": "oci_core_vnic_attachments",
      "name": "bigtappWebserver1_VNIC1_attach",
      "provider": "provider[\"registry.terraform.io/hashicorp/oci\"]",
      "instances": [
        {
          "schema_version": 0,
          "attributes": {
            "availability_domain": "oHdD:EU-FRANKFURT-1-AD-1",
            "compartment_id": "ocid1.compartment.oc1..aaaaaaaa3xtl7p6izjnbgzvkmfzrrcmdtdffm55o3ilup6ehybwdorrumyxq",
            "filter": null,
            "id": "CoreVnicAttachmentsDataSource-1267509162",
            "instance_id": "ocid1.instance.oc1.eu-frankfurt-1.antheljte4pec2qc7ajszmeufia56zchsh3noymzp5rfil3rinet7m3kx37a",
            "vnic_attachments": [
              {
                "availability_domain": "oHdD:EU-FRANKFURT-1-AD-1",
                "compartment_id": "ocid1.compartment.oc1..aaaaaaaa3xtl7p6izjnbgzvkmfzrrcmdtdffm55o3ilup6ehybwdorrumyxq",
                "create_vnic_details": [],
                "display_name": "",
                "id": "ocid1.vnicattachment.oc1.eu-frankfurt-1.antheljte4pec2qckm7yj7ykcuy2beca63i2azqe4bihfpnmruqdmd7cnuva",
                "instance_id": "ocid1.instance.oc1.eu-frankfurt-1.antheljte4pec2qc7ajszmeufia56zchsh3noymzp5rfil3rinet7m3kx37a",
                "nic_index": 0,
                "state": "ATTACHED",
                "subnet_id": "ocid1.subnet.oc1.eu-frankfurt-1.aaaaaaaabizsshmq3iuqb7k7lua7mffvcgjsze3qbeza4gtj54smps6wgvlq",
                "time_created": "2025-05-26 17:43:52.078 +0000 UTC",
                "vlan_id": "",
                "vlan_tag": 29,
                "vnic_id": "ocid1.vnic.oc1.eu-frankfurt-1.abtheljtcwwspfnf3mjyb6vbycxezy77oqu3vxzaycf475frdrg3iovuqxla"
              }
            ],
            "vnic_id": null
          },
          "sensitive_attributes": [],
          "identity_schema_version": 0
        }
      ]
    },
    {
      "mode": "data",
      "type": "oci_identity_availability_domains",
      "name": "ADs",
      "provider": "provider[\"registry.terraform.io/hashicorp/oci\"]",
      "instances": [
        {
          "schema_version": 0,
          "attributes": {
            "availability_domains": [
              {
                "compartment_id": "ocid1.tenancy.oc1..aaaaaaaagvof5hewab5mwktld64hfnmrwv7mz5e7jez4v5ylq6swl2kveawa",
                "id": "ocid1.availabilitydomain.oc1..aaaaaaaalcdcbl7u6akbmkojxhrozpj2v7yavqqydkj3ytyjbt47lnoqnm2q",
                "name": "oHdD:EU-FRANKFURT-1-AD-1"
              },
              {
                "compartment_id": "ocid1.tenancy.oc1..aaaaaaaagvof5hewab5mwktld64hfnmrwv7mz5e7jez4v5ylq6swl2kveawa",
                "id": "ocid1.availabilitydomain.oc1..aaaaaaaaa2artt5wizbqvwl3rgptylx2l7jqbnyv4dygcfvlrd3dphvi3mdq",
                "name": "oHdD:EU-FRANKFURT-1-AD-2"
              },
              {
                "compartment_id": "ocid1.tenancy.oc1..aaaaaaaagvof5hewab5mwktld64hfnmrwv7mz5e7jez4v5ylq6swl2kveawa",
                "id": "ocid1.availabilitydomain.oc1..aaaaaaaaiifj24st3w4j7cowuo3pmqcuqwjapjv435vtjmgh5j7q3flguwna",
                "name": "oHdD:EU-FRANKFURT-1-AD-3"
              }
            ],
            "compartment_id": "ocid1.tenancy.oc1..aaaaaaaagvof5hewab5mwktld64hfnmrwv7mz5e7jez4v5ylq6swl2kveawa",
            "filter": null,
            "id": "IdentityAvailabilityDomainsDataSource-708126002"
          },
          "sensitive_attributes": [],
          "identity_schema_version": 0
        }
      ]
    },
    {
      "mode": "data",
      "type": "oci_identity_availability_domains",
      "name": "ads",
      "provider": "provider[\"registry.terraform.io/hashicorp/oci\"]",
      "instances": [
        {
          "schema_version": 0,
          "attributes": {
            "availability_domains": [
              {
                "compartment_id": "ocid1.tenancy.oc1..aaaaaaaagvof5hewab5mwktld64hfnmrwv7mz5e7jez4v5ylq6swl2kveawa",
                "id": "ocid1.availabilitydomain.oc1..aaaaaaaalcdcbl7u6akbmkojxhrozpj2v7yavqqydkj3ytyjbt47lnoqnm2q",
                "name": "oHdD:EU-FRANKFURT-1-AD-1"
              },
              {
                "compartment_id": "ocid1.tenancy.oc1..aaaaaaaagvof5hewab5mwktld64hfnmrwv7mz5e7jez4v5ylq6swl2kveawa",
                "id": "ocid1.availabilitydomain.oc1..aaaaaaaaa2artt5wizbqvwl3rgptylx2l7jqbnyv4dygcfvlrd3dphvi3mdq",
                "name": "oHdD:EU-FRANKFURT-1-AD-2"
              },
              {
                "compartment_id": "ocid1.tenancy.oc1..aaaaaaaagvof5hewab5mwktld64hfnmrwv7mz5e7jez4v5ylq6swl2kveawa",
                "id": "ocid1.availabilitydomain.oc1..aaaaaaaaiifj24st3w4j7cowuo3pmqcuqwjapjv435vtjmgh5j7q3flguwna",
                "name": "oHdD:EU-FRANKFURT-1-AD-3"
              }
            ],
            "compartment_id": "ocid1.tenancy.oc1..aaaaaaaagvof5hewab5mwktld64hfnmrwv7mz5e7jez4v5ylq6swl2kveawa",
            "filter": null,
            "id": "IdentityAvailabilityDomainsDataSource-708126002"
          },
          "sensitive_attributes": [],
          "identity_schema_version": 0
        }
      ]
    },
    {
      "mode": "data",
      "type": "oci_identity_region_subscriptions",
      "name": "home_region_subscriptions",
      "provider": "provider[\"registry.terraform.io/hashicorp/oci\"]",
      "instances": [
        {
          "schema_version": 0,
          "attributes": {
            "filter": [
              {
                "name": "is_home_region",
                "regex": false,
                "values": [
                  "true"
                ]
              }
            ],
            "id": "IdentityRegionSubscriptionsDataSource-708126002",
            "region_subscriptions": [
              {
                "is_home_region": true,
                "region_key": "FRA",
                "region_name": "eu-frankfurt-1",
                "state": "READY",
                "tenancy_id": ""
              }
            ],
            "tenancy_id": "ocid1.tenancy.oc1..aaaaaaaagvof5hewab5mwktld64hfnmrwv7mz5e7jez4v5ylq6swl2kveawa"
          },
          "sensitive_attributes": [],
          "identity_schema_version": 0
        }
      ]
    },
    {
      "mode": "managed",
      "type": "null_resource",
      "name": "bigtappWebserver1HTTPD",
      "provider": "provider[\"registry.terraform.io/hashicorp/null\"]",
      "instances": [
        {
          "schema_version": 0,
          "attributes": {
            "id": "8869806866762888942",
            "triggers": {
              "instance_id": "ocid1.instance.oc1.eu-frankfurt-1.antheljte4pec2qc7ajszmeufia56zchsh3noymzp5rfil3rinet7m3kx37a"
            }
          },
          "sensitive_attributes": [],
          "identity_schema_version": 0,
          "dependencies": [
            "data.oci_core_images.OSImage",
            "data.oci_core_vnic.bigtappWebserver1_VNIC1",
            "data.oci_core_vnic_attachments.bigtappWebserver1_VNIC1_attach",
            "data.oci_identity_availability_domains.ADs",
            "data.oci_identity_availability_domains.ads",
            "data.oci_identity_region_subscriptions.home_region_subscriptions",
            "oci_core_dhcp_options.bigtappDhcpOptions1",
            "oci_core_instance.bigtappWebserver1",
            "oci_core_internet_gateway.bigtappInternetGateway",
            "oci_core_route_table.bigtappRouteTableViaIGW",
            "oci_core_security_list.bigtappSecurityList",
            "oci_core_subnet.bigtappWebSubnet",
            "oci_core_virtual_network.bigtappVCN",
            "oci_identity_compartment.bigtappCompartment"
          ]
        }
      ]
    },
    {
      "mode": "managed",
      "type": "oci_core_dhcp_options",
      "name": "bigtappDhcpOptions1",
      "provider": "provider[\"registry.terraform.io/hashicorp/oci\"]",
      "instances": [
        {
          "schema_version": 0,
          "attributes": {
            "compartment_id": "ocid1.compartment.oc1..aaaaaaaa3xtl7p6izjnbgzvkmfzrrcmdtdffm55o3ilup6ehybwdorrumyxq",
            "defined_tags": {
              "Oracle-Tags.CreatedBy": "default/j0904.cui@gmail.com",
              "Oracle-Tags.CreatedOn": "2025-05-26T17:43:44.117Z"
            },
            "display_name": "bigtappDHCPOptions1",
            "domain_name_type": "CUSTOM_DOMAIN",
            "freeform_tags": {},
            "id": "ocid1.dhcpoptions.oc1.eu-frankfurt-1.aaaaaaaalkjix6q3hf3efg2tv4nnq73ieqhkozo32nst6x3qi7wf2ic65rha",
            "options": [
              {
                "custom_dns_servers": [],
                "search_domain_names": [
                  "bigtapp.com"
                ],
                "server_type": "",
                "type": "SearchDomain"
              },
              {
                "custom_dns_servers": [],
                "search_domain_names": [],
                "server_type": "VcnLocalPlusInternet",
                "type": "DomainNameServer"
              }
            ],
            "state": "AVAILABLE",
            "time_created": "2025-05-26 17:43:44.156 +0000 UTC",
            "timeouts": null,
            "vcn_id": "ocid1.vcn.oc1.eu-frankfurt-1.amaaaaaae4pec2qah473lkeex4lssb2fczh54bpphnewyysob2vojhzizfaa"
          },
          "sensitive_attributes": [],
          "identity_schema_version": 0,
          "private": "eyJlMmJmYjczMC1lY2FhLTExZTYtOGY4OC0zNDM2M2JjN2M0YzAiOnsiY3JlYXRlIjoxMjAwMDAwMDAwMDAwLCJkZWxldGUiOjEyMDAwMDAwMDAwMDAsInVwZGF0ZSI6MTIwMDAwMDAwMDAwMH19",
          "dependencies": [
            "data.oci_identity_region_subscriptions.home_region_subscriptions",
            "oci_core_virtual_network.bigtappVCN",
            "oci_identity_compartment.bigtappCompartment"
          ]
        }
      ]
    },
    {
      "mode": "managed",
      "type": "oci_core_instance",
      "name": "bigtappWebserver1",
      "provider": "provider[\"registry.terraform.io/hashicorp/oci\"]",
      "instances": [
        {
          "schema_version": 0,
          "attributes": {
            "agent_config": [
              {
                "are_all_plugins_disabled": false,
                "is_management_disabled": false,
                "is_monitoring_disabled": false,
                "plugins_config": []
              }
            ],
            "async": null,
            "availability_config": [
              {
                "is_live_migration_preferred": false,
                "recovery_action": "RESTORE_INSTANCE"
              }
            ],
            "availability_domain": "oHdD:EU-FRANKFURT-1-AD-1",
            "boot_volume_id": "ocid1.bootvolume.oc1.eu-frankfurt-1.abtheljtrfrl4ezfgfqi5qg5jladoo2a7hz6nqsl42rkumuabkhw3p2zlcvq",
            "capacity_reservation_id": null,
            "cluster_placement_group_id": null,
            "compartment_id": "ocid1.compartment.oc1..aaaaaaaa3xtl7p6izjnbgzvkmfzrrcmdtdffm55o3ilup6ehybwdorrumyxq",
            "compute_cluster_id": null,
            "create_vnic_details": [
              {
                "assign_ipv6ip": false,
                "assign_private_dns_record": false,
                "assign_public_ip": "true",
                "defined_tags": {
                  "Oracle-Tags.CreatedBy": "default/j0904.cui@gmail.com",
                  "Oracle-Tags.CreatedOn": "2025-05-26T17:43:48.269Z"
                },
                "display_name": "bigtappWebServer",
                "freeform_tags": {},
                "hostname_label": "bigtappwebserver",
                "ipv6address_ipv6subnet_cidr_pair_details": [],
                "nsg_ids": [],
                "private_ip": "10.0.1.66",
                "security_attributes": {},
                "skip_source_dest_check": false,
                "subnet_id": "ocid1.subnet.oc1.eu-frankfurt-1.aaaaaaaabizsshmq3iuqb7k7lua7mffvcgjsze3qbeza4gtj54smps6wgvlq",
                "vlan_id": ""
              }
            ],
            "dedicated_vm_host_id": null,
            "defined_tags": {
              "Oracle-Tags.CreatedBy": "default/j0904.cui@gmail.com",
              "Oracle-Tags.CreatedOn": "2025-05-26T17:43:48.167Z"
            },
            "display_name": "bigtappWebServer",
            "extended_metadata": {},
            "fault_domain": "FAULT-DOMAIN-2",
            "freeform_tags": {},
            "hostname_label": "bigtappwebserver",
            "id": "ocid1.instance.oc1.eu-frankfurt-1.antheljte4pec2qc7ajszmeufia56zchsh3noymzp5rfil3rinet7m3kx37a",
            "image": "ocid1.image.oc1.eu-frankfurt-1.aaaaaaaapyern7on7cez3ajw564k6dthrojwwkccbl72etbetsio7byq35wa",
            "instance_configuration_id": null,
            "instance_options": [
              {
                "are_legacy_imds_endpoints_disabled": false
              }
            ],
            "ipxe_script": null,
            "is_cross_numa_node": false,
            "is_pv_encryption_in_transit_enabled": null,
            "launch_mode": "PARAVIRTUALIZED",
            "launch_options": [
              {
                "boot_volume_type": "PARAVIRTUALIZED",
                "firmware": "UEFI_64",
                "is_consistent_volume_naming_enabled": true,
                "is_pv_encryption_in_transit_enabled": false,
                "network_type": "PARAVIRTUALIZED",
                "remote_data_volume_type": "PARAVIRTUALIZED"
              }
            ],
            "launch_volume_attachments": [],
            "licensing_configs": [],
            "metadata": {
              "ssh_authorized_keys": "ssh-rsa AAAAB3NzaC1yc2EAAAADAQABAAABgQDForZI5CevzyPN5Rdt0yOGN/b7G16Y1yyrDrRH02XA3VFQe02RJstPOqxucLjqQJa82CMr3bfYJ755Tc84Jz9oTbLUzTxHjDgOa//YPWF5EOTHTUmUWX7dq5cImjH9zSQsIq93q2o6+DuDJMb0vxVtii6jcU0RgkOyyOoGr3LIWjLPMrWd3mEPe9WCxb6uHoiYGLJxp6hyK2tvPwMnF1nrH1k0GwHNosq6Vjn/ppg3LcKOd6sAAjj3DuC3s9kQmlAD/hoKFYGfzZmx9dzODbDbH/qHbhYnqsrydISTv0GaGz4W1FjGWifMuc5zY3epsT0rBAdqgr9gve9HmiPJiPmXHcxo0cSt50suiZaMkN+tx3cbEvRugOi5lLFgbaqJFm4ide4vJublMdzrI7HbzZ1jL4jzGEHUVzAIn9xqHWvABHyMKSEzje6AuXORpWrJ3DurcZ57BNVTpWhi0TZkLGau865O9KzZYibOqQQ3Z8Gx5RH+Z3IU3gyDK9Dd/enx4q0= root@cui-Lenovo-V15-G2-IJL"
            },
            "platform_config": [],
            "preemptible_instance_config": [],
            "preserve_boot_volume": null,
            "preserve_data_volumes_created_at_launch": null,
            "private_ip": "10.0.1.66",
            "public_ip": "138.2.167.138",
            "region": "eu-frankfurt-1",
            "security_attributes": {},
            "security_attributes_state": "STABLE",
            "shape": "VM.Standard.E2.1.Micro",
            "shape_config": [
              {
                "baseline_ocpu_utilization": "",
                "gpu_description": "",
                "gpus": 0,
                "local_disk_description": "",
                "local_disks": 0,
                "local_disks_total_size_in_gbs": 0,
                "max_vnic_attachments": 1,
                "memory_in_gbs": 1,
                "networking_bandwidth_in_gbps": 0.47999998927116394,
                "nvmes": 0,
                "ocpus": 1,
                "processor_description": "2.0 GHz AMD EPYC™ 7551 (Naples)",
                "vcpus": 2
              }
            ],
            "source_details": [
              {
                "boot_volume_size_in_gbs": "47",
                "boot_volume_vpus_per_gb": "10",
                "instance_source_image_filter_details": [],
                "is_preserve_boot_volume_enabled": false,
                "kms_key_id": "",
                "source_id": "ocid1.image.oc1.eu-frankfurt-1.aaaaaaaapyern7on7cez3ajw564k6dthrojwwkccbl72etbetsio7byq35wa",
                "source_type": "image"
              }
            ],
            "state": "RUNNING",
            "subnet_id": "ocid1.subnet.oc1.eu-frankfurt-1.aaaaaaaabizsshmq3iuqb7k7lua7mffvcgjsze3qbeza4gtj54smps6wgvlq",
            "system_tags": {
              "orcl-cloud.free-tier-retained": "true"
            },
            "time_created": "2025-05-26 17:43:48.604 +0000 UTC",
            "time_maintenance_reboot_due": "",
            "timeouts": null,
            "update_operation_constraint": null
          },
          "sensitive_attributes": [],
          "identity_schema_version": 0,
          "private": "eyJlMmJmYjczMC1lY2FhLTExZTYtOGY4OC0zNDM2M2JjN2M0YzAiOnsiY3JlYXRlIjoyNzAwMDAwMDAwMDAwLCJkZWxldGUiOjQ1MDAwMDAwMDAwMDAsInVwZGF0ZSI6MjcwMDAwMDAwMDAwMH19",
          "dependencies": [
            "data.oci_core_images.OSImage",
            "data.oci_identity_availability_domains.ads",
            "data.oci_identity_region_subscriptions.home_region_subscriptions",
            "oci_core_dhcp_options.bigtappDhcpOptions1",
            "oci_core_internet_gateway.bigtappInternetGateway",
            "oci_core_route_table.bigtappRouteTableViaIGW",
            "oci_core_security_list.bigtappSecurityList",
            "oci_core_subnet.bigtappWebSubnet",
            "oci_core_virtual_network.bigtappVCN",
            "oci_identity_compartment.bigtappCompartment"
          ]
        }
      ]
    },
    {
      "mode": "managed",
      "type": "oci_core_internet_gateway",
      "name": "bigtappInternetGateway",
      "provider": "provider[\"registry.terraform.io/hashicorp/oci\"]",
      "instances": [
        {
          "schema_version": 0,
          "attributes": {
            "compartment_id": "ocid1.compartment.oc1..aaaaaaaa3xtl7p6izjnbgzvkmfzrrcmdtdffm55o3ilup6ehybwdorrumyxq",
            "defined_tags": {
              "Oracle-Tags.CreatedBy": "default/j0904.cui@gmail.com",
              "Oracle-Tags.CreatedOn": "2025-05-26T17:43:44.292Z"
            },
            "display_name": "bigtappInternetGateway",
            "enabled": true,
            "freeform_tags": {},
            "id": "ocid1.internetgateway.oc1.eu-frankfurt-1.aaaaaaaavj3hfmypmsjbuyh3uqaofgzx7io6zyqan24wbbs7idf76k552iha",
            "route_table_id": null,
            "state": "AVAILABLE",
            "time_created": "2025-05-26 17:43:44.319 +0000 UTC",
            "timeouts": null,
            "vcn_id": "ocid1.vcn.oc1.eu-frankfurt-1.amaaaaaae4pec2qah473lkeex4lssb2fczh54bpphnewyysob2vojhzizfaa"
          },
          "sensitive_attributes": [],
          "identity_schema_version": 0,
          "private": "eyJlMmJmYjczMC1lY2FhLTExZTYtOGY4OC0zNDM2M2JjN2M0YzAiOnsiY3JlYXRlIjoxMjAwMDAwMDAwMDAwLCJkZWxldGUiOjEyMDAwMDAwMDAwMDAsInVwZGF0ZSI6MTIwMDAwMDAwMDAwMH19",
          "dependencies": [
            "data.oci_identity_region_subscriptions.home_region_subscriptions",
            "oci_core_virtual_network.bigtappVCN",
            "oci_identity_compartment.bigtappCompartment"
          ]
        }
      ]
    },
    {
      "mode": "managed",
      "type": "oci_core_route_table",
      "name": "bigtappRouteTableViaIGW",
      "provider": "provider[\"registry.terraform.io/hashicorp/oci\"]",
      "instances": [
        {
          "schema_version": 0,
          "attributes": {
            "compartment_id": "ocid1.compartment.oc1..aaaaaaaa3xtl7p6izjnbgzvkmfzrrcmdtdffm55o3ilup6ehybwdorrumyxq",
            "defined_tags": {
              "Oracle-Tags.CreatedBy": "default/j0904.cui@gmail.com",
              "Oracle-Tags.CreatedOn": "2025-05-26T17:43:44.736Z"
            },
            "display_name": "bigtappRouteTableViaIGW",
            "freeform_tags": {},
            "id": "ocid1.routetable.oc1.eu-frankfurt-1.aaaaaaaa27sf2xxe4nuxttygw3jkxq5f73mlkewsuojindkdyxq6rmr3q4ra",
            "route_rules": [
              {
                "cidr_block": "",
                "description": "",
                "destination": "0.0.0.0/0",
                "destination_type": "CIDR_BLOCK",
                "network_entity_id": "ocid1.internetgateway.oc1.eu-frankfurt-1.aaaaaaaavj3hfmypmsjbuyh3uqaofgzx7io6zyqan24wbbs7idf76k552iha",
                "route_type": ""
              }
            ],
            "state": "AVAILABLE",
            "time_created": "2025-05-26 17:43:44.753 +0000 UTC",
            "timeouts": null,
            "vcn_id": "ocid1.vcn.oc1.eu-frankfurt-1.amaaaaaae4pec2qah473lkeex4lssb2fczh54bpphnewyysob2vojhzizfaa"
          },
          "sensitive_attributes": [],
          "identity_schema_version": 0,
          "private": "eyJlMmJmYjczMC1lY2FhLTExZTYtOGY4OC0zNDM2M2JjN2M0YzAiOnsiY3JlYXRlIjoxMjAwMDAwMDAwMDAwLCJkZWxldGUiOjEyMDAwMDAwMDAwMDAsInVwZGF0ZSI6MTIwMDAwMDAwMDAwMH19",
          "dependencies": [
            "data.oci_identity_region_subscriptions.home_region_subscriptions",
            "oci_core_internet_gateway.bigtappInternetGateway",
            "oci_core_virtual_network.bigtappVCN",
            "oci_identity_compartment.bigtappCompartment"
          ]
        }
      ]
    },
    {
      "mode": "managed",
      "type": "oci_core_security_list",
      "name": "bigtappSecurityList",
      "provider": "provider[\"registry.terraform.io/hashicorp/oci\"]",
      "instances": [
        {
          "schema_version": 0,
          "attributes": {
            "compartment_id": "ocid1.compartment.oc1..aaaaaaaa3xtl7p6izjnbgzvkmfzrrcmdtdffm55o3ilup6ehybwdorrumyxq",
            "defined_tags": {
              "Oracle-Tags.CreatedBy": "default/j0904.cui@gmail.com",
              "Oracle-Tags.CreatedOn": "2025-05-26T17:43:44.510Z"
            },
            "display_name": "bigtappSecurityList",
            "egress_security_rules": [
              {
                "description": "",
                "destination": "0.0.0.0/0",
                "destination_type": "CIDR_BLOCK",
                "icmp_options": [],
                "protocol": "6",
                "stateless": false,
                "tcp_options": [],
                "udp_options": []
              }
            ],
            "freeform_tags": {},
            "id": "ocid1.securitylist.oc1.eu-frankfurt-1.aaaaaaaaucgv4utldhsvt3sc7l6j43j6hgebmcy5li5veahbd6dgvmzpzhta",
            "ingress_security_rules": [
              {
                "description": "",
                "icmp_options": [],
                "protocol": "6",
                "source": "0.0.0.0/0",
                "source_type": "CIDR_BLOCK",
                "stateless": false,
                "tcp_options": [
                  {
                    "max": 22,
                    "min": 22,
                    "source_port_range": []
                  }
                ],
                "udp_options": []
              },
              {
                "description": "",
                "icmp_options": [],
                "protocol": "6",
                "source": "0.0.0.0/0",
                "source_type": "CIDR_BLOCK",
                "stateless": false,
                "tcp_options": [
                  {
                    "max": 443,
                    "min": 443,
                    "source_port_range": []
                  }
                ],
                "udp_options": []
              },
              {
                "description": "",
                "icmp_options": [],
                "protocol": "6",
                "source": "0.0.0.0/0",
                "source_type": "CIDR_BLOCK",
                "stateless": false,
                "tcp_options": [
                  {
                    "max": 80,
                    "min": 80,
                    "source_port_range": []
                  }
                ],
                "udp_options": []
              },
              {
                "description": "",
                "icmp_options": [],
                "protocol": "6",
                "source": "10.0.0.0/16",
                "source_type": "CIDR_BLOCK",
                "stateless": false,
                "tcp_options": [],
                "udp_options": []
              }
            ],
            "state": "AVAILABLE",
            "time_created": "2025-05-26 17:43:44.536 +0000 UTC",
            "timeouts": null,
            "vcn_id": "ocid1.vcn.oc1.eu-frankfurt-1.amaaaaaae4pec2qah473lkeex4lssb2fczh54bpphnewyysob2vojhzizfaa"
          },
          "sensitive_attributes": [],
          "identity_schema_version": 0,
          "private": "eyJlMmJmYjczMC1lY2FhLTExZTYtOGY4OC0zNDM2M2JjN2M0YzAiOnsiY3JlYXRlIjoxMjAwMDAwMDAwMDAwLCJkZWxldGUiOjEyMDAwMDAwMDAwMDAsInVwZGF0ZSI6MTIwMDAwMDAwMDAwMH19",
          "dependencies": [
            "data.oci_identity_region_subscriptions.home_region_subscriptions",
            "oci_core_virtual_network.bigtappVCN",
            "oci_identity_compartment.bigtappCompartment"
          ]
        }
      ]
    },
    {
      "mode": "managed",
      "type": "oci_core_subnet",
      "name": "bigtappWebSubnet",
      "provider": "provider[\"registry.terraform.io/hashicorp/oci\"]",
      "instances": [
        {
          "schema_version": 0,
          "attributes": {
            "availability_domain": null,
            "cidr_block": "10.0.1.0/24",
            "compartment_id": "ocid1.compartment.oc1..aaaaaaaa3xtl7p6izjnbgzvkmfzrrcmdtdffm55o3ilup6ehybwdorrumyxq",
            "defined_tags": {
              "Oracle-Tags.CreatedBy": "default/j0904.cui@gmail.com",
              "Oracle-Tags.CreatedOn": "2025-05-26T17:43:45.302Z"
            },
            "dhcp_options_id": "ocid1.dhcpoptions.oc1.eu-frankfurt-1.aaaaaaaalkjix6q3hf3efg2tv4nnq73ieqhkozo32nst6x3qi7wf2ic65rha",
            "display_name": "bigtappWebSubnet",
            "dns_label": "bigtappn1",
            "freeform_tags": {},
            "id": "ocid1.subnet.oc1.eu-frankfurt-1.aaaaaaaabizsshmq3iuqb7k7lua7mffvcgjsze3qbeza4gtj54smps6wgvlq",
            "ipv6cidr_block": null,
            "ipv6cidr_blocks": [],
            "ipv6virtual_router_ip": null,
            "prohibit_internet_ingress": false,
            "prohibit_public_ip_on_vnic": false,
            "route_table_id": "ocid1.routetable.oc1.eu-frankfurt-1.aaaaaaaa27sf2xxe4nuxttygw3jkxq5f73mlkewsuojindkdyxq6rmr3q4ra",
            "security_list_ids": [
              "ocid1.securitylist.oc1.eu-frankfurt-1.aaaaaaaaucgv4utldhsvt3sc7l6j43j6hgebmcy5li5veahbd6dgvmzpzhta"
            ],
            "state": "AVAILABLE",
            "subnet_domain_name": "bigtappn1.bigtappvcn.oraclevcn.com",
            "time_created": "2025-05-26 17:43:45.35 +0000 UTC",
            "timeouts": null,
            "vcn_id": "ocid1.vcn.oc1.eu-frankfurt-1.amaaaaaae4pec2qah473lkeex4lssb2fczh54bpphnewyysob2vojhzizfaa",
            "virtual_router_ip": "10.0.1.1",
            "virtual_router_mac": "00:00:17:77:BD:03"
          },
          "sensitive_attributes": [],
          "identity_schema_version": 0,
          "private": "eyJlMmJmYjczMC1lY2FhLTExZTYtOGY4OC0zNDM2M2JjN2M0YzAiOnsiY3JlYXRlIjoxMjAwMDAwMDAwMDAwLCJkZWxldGUiOjEyMDAwMDAwMDAwMDAsInVwZGF0ZSI6MTIwMDAwMDAwMDAwMH19",
          "dependencies": [
            "data.oci_identity_region_subscriptions.home_region_subscriptions",
            "oci_core_dhcp_options.bigtappDhcpOptions1",
            "oci_core_internet_gateway.bigtappInternetGateway",
            "oci_core_route_table.bigtappRouteTableViaIGW",
            "oci_core_security_list.bigtappSecurityList",
            "oci_core_virtual_network.bigtappVCN",
            "oci_identity_compartment.bigtappCompartment"
          ]
        }
      ]
    },
    {
      "mode": "managed",
      "type": "oci_core_virtual_network",
      "name": "bigtappVCN",
      "provider": "provider[\"registry.terraform.io/hashicorp/oci\"]",
      "instances": [
        {
          "schema_version": 0,
          "attributes": {
            "byoipv6cidr_blocks": [],
            "byoipv6cidr_details": [],
            "cidr_block": "10.0.0.0/16",
            "cidr_blocks": [
              "10.0.0.0/16"
            ],
            "compartment_id": "ocid1.compartment.oc1..aaaaaaaa3xtl7p6izjnbgzvkmfzrrcmdtdffm55o3ilup6ehybwdorrumyxq",
            "default_dhcp_options_id": "ocid1.dhcpoptions.oc1.eu-frankfurt-1.aaaaaaaa4kqktv427iqnea3qx7axpndgdi73jhnhhau7zylujlabfs4ysjca",
            "default_route_table_id": "ocid1.routetable.oc1.eu-frankfurt-1.aaaaaaaa3dyzcgn75wdv5sr7njk6dc44npqxdasz5jats3k64jtwdd76etyq",
            "default_security_list_id": "ocid1.securitylist.oc1.eu-frankfurt-1.aaaaaaaahkvpamy7ou4idozdgxlt4tkwfthpskwtp7oalqb27xlsvsgwvkoa",
            "defined_tags": {
              "Oracle-Tags.CreatedBy": "default/j0904.cui@gmail.com",
              "Oracle-Tags.CreatedOn": "2025-05-26T17:43:43.376Z"
            },
            "display_name": "bigtappVCN",
            "dns_label": "bigtappvcn",
            "freeform_tags": {},
            "id": "ocid1.vcn.oc1.eu-frankfurt-1.amaaaaaae4pec2qah473lkeex4lssb2fczh54bpphnewyysob2vojhzizfaa",
            "ipv6cidr_blocks": [],
            "ipv6private_cidr_blocks": [],
            "is_ipv6enabled": false,
            "is_oracle_gua_allocation_enabled": null,
            "security_attributes": {},
            "state": "AVAILABLE",
            "time_created": "2025-05-26 17:43:43.445 +0000 UTC",
            "timeouts": null,
            "vcn_domain_name": "bigtappvcn.oraclevcn.com"
          },
          "sensitive_attributes": [],
          "identity_schema_version": 0,
          "private": "eyJlMmJmYjczMC1lY2FhLTExZTYtOGY4OC0zNDM2M2JjN2M0YzAiOnsiY3JlYXRlIjoxMjAwMDAwMDAwMDAwLCJkZWxldGUiOjEyMDAwMDAwMDAwMDAsInVwZGF0ZSI6MTIwMDAwMDAwMDAwMH19",
          "dependencies": [
            "data.oci_identity_region_subscriptions.home_region_subscriptions",
            "oci_identity_compartment.bigtappCompartment"
          ]
        }
      ]
    },
    {
      "mode": "managed",
      "type": "oci_identity_compartment",
      "name": "bigtappCompartment",
      "provider": "provider[\"registry.terraform.io/hashicorp/oci\"].homeregion",
      "instances": [
        {
          "schema_version": 0,
          "attributes": {
            "compartment_id": "ocid1.tenancy.oc1..aaaaaaaagvof5hewab5mwktld64hfnmrwv7mz5e7jez4v5ylq6swl2kveawa",
            "defined_tags": {
              "Oracle-Tags.CreatedBy": "default/j0904.cui@gmail.com",
              "Oracle-Tags.CreatedOn": "2025-05-26T14:51:02.598Z"
            },
            "description": "bigtapp Compartment",
            "enable_delete": null,
            "freeform_tags": {},
            "id": "ocid1.compartment.oc1..aaaaaaaa3xtl7p6izjnbgzvkmfzrrcmdtdffm55o3ilup6ehybwdorrumyxq",
            "inactive_state": null,
            "is_accessible": true,
            "name": "bigtappCompartment",
            "state": "ACTIVE",
            "time_created": "2025-05-26 14:51:02.661 +0000 UTC",
            "timeouts": null
          },
          "sensitive_attributes": [],
          "identity_schema_version": 0,
          "private": "eyJlMmJmYjczMC1lY2FhLTExZTYtOGY4OC0zNDM2M2JjN2M0YzAiOnsiZGVsZXRlIjo1NDAwMDAwMDAwMDAwfX0=",
          "dependencies": [
            "data.oci_identity_region_subscriptions.home_region_subscriptions"
          ]
        }
      ]
    },
    {
      "mode": "managed",
      "type": "tls_private_key",
      "name": "public_private_key_pair",
      "provider": "provider[\"registry.terraform.io/hashicorp/tls\"]",
      "instances": [
        {
          "schema_version": 1,
          "attributes": {
            "algorithm": "RSA",
            "ecdsa_curve": "P224",
            "id": "0913cfa464ba4763a8aa204090bb318fdd38e25b",
            "private_key_openssh": "-----BEGIN OPENSSH PRIVATE KEY-----\nb3BlbnNzaC1rZXktdjEAAAAABG5vbmUAAAAEbm9uZQAAAAAAAAABAAABFwAAAAdz\nc2gtcnNhAAAAAwEAAQAAAQEAwdiTBGIsczo/5InWMfSVeSUVgdYKg4TTVKHC7Xvg\nUAYUru660ltvqJRj2NnyY6O3uw2EmDUWS0f6PLeW8mLeOXhU5S7IwWjuaHdlCj/s\nIictIUT+ZY+f5VW/TMqtVsiLqnakZdez21z9UIC2zWODFkmT/8Z5QmdYdmLCP0QA\n6KKbMdRJfNL1B4ARWo0uXPyVDnD31a4bOZPwc8cJspWYF1pmryfHOUCMpaIm1DAs\ny5epz2wiDvab6bgdpYVB0q0XttHk0GY7jsfc0GskB8weFOu/oPQFHfEIwTxiL+8l\nNE2FHQGugrXf7OhXD5/6J9TKgzqJTL58vhClXVG3O4OPGQAAA7g3fk1yN35NcgAA\nAAdzc2gtcnNhAAABAQDB2JMEYixzOj/kidYx9JV5JRWB1gqDhNNUocLte+BQBhSu\n7rrSW2+olGPY2fJjo7e7DYSYNRZLR/o8t5byYt45eFTlLsjBaO5od2UKP+wiJy0h\nRP5lj5/lVb9Myq1WyIuqdqRl17PbXP1QgLbNY4MWSZP/xnlCZ1h2YsI/RADoopsx\n1El80vUHgBFajS5c/JUOcPfVrhs5k/BzxwmylZgXWmavJ8c5QIyloibUMCzLl6nP\nbCIO9pvpuB2lhUHSrRe20eTQZjuOx9zQayQHzB4U67+g9AUd8QjBPGIv7yU0TYUd\nAa6Ctd/s6FcPn/on1MqDOolMvny+EKVdUbc7g48ZAAAAAwEAAQAAAQAFILs1jiSf\ni7aYT254yyqPwNkNIoy2pp3civGYIgMbZX3IlDd29xpAuw7adAbYd0KV/Sk5HuEP\nGWwCN9e+DmV93wldOAacLzAXWAk2jd2rmEkLrJfk4eQYnKhp2fa0lADgf9ugzLr3\nnkHJOQ5yPSQA7piurHZquPHQd+kBjsVODMCpxAVirofMdHMWbyNhXlPVZ6nNj4Rk\nXGHsgMg52CckkuSbx3IXFRbMUyNBRhcUYAWWzyQrrEaYZZWpsnSA9eQaHww/A/Tv\nXqAnKZiP4Vmk/0Wy0VpMPvKvVESt0H8/U4+ed8ncJhN119B4HDZwnQCD6eQvgflH\nR2ps2FDTIUvxAAAAgHBbRZlyUalk0DT3Znxzl4Gjt+IW+cM+LhjRIeEzcN6gmuQD\nLO0DgP2cj7X6Wk1KxEaIRAhr4+OiPqW3z0zqbvuihoE1xxfrSbjQ9cj22WQdqvIo\nqJiYjZJxwEXk1tCwnVsVfqlcWAeqbqb2lsBluVy7WOVunF5XUc/0PEOSlTAmAAAA\ngQDQfsXobbS44IEaT3WqKHK50g1LF0WqX6SjQr3vO1eeqyZbjaO0jDAfOWceZgk0\nxFKt/kQOnuOQJPpOpH0tZUyPg97X7SnXV+80lLYz3NNHSoxrMBPRbhW0L02PwORb\nN8Xe9ODDyvcdsgdvIL9ljbKbIyFgxgwcfHQ0dCTl3v+xDQAAAIEA7gNVYhZdtW+P\ni9tDvpr2QtZHvFBZ4NkIaVzvZpFfM1jnOzgmU1+QOTx+0tEV1j48FHPfbaN+dNrp\n5u7mlGP3fAofcWNg0pHGEqG6+9yGtzzS/uGJKVxKundo1yWT9av7n1wlAMc1yMnT\nbCcV9B37O2XYqetUsLIgfwxO4OYSGz0AAAAAAQID\n-----END OPENSSH PRIVATE KEY-----\n",
            "private_key_pem": "-----BEGIN RSA PRIVATE KEY-----\nMIIEpAIBAAKCAQEAwdiTBGIsczo/5InWMfSVeSUVgdYKg4TTVKHC7XvgUAYUru66\n0ltvqJRj2NnyY6O3uw2EmDUWS0f6PLeW8mLeOXhU5S7IwWjuaHdlCj/sIictIUT+\nZY+f5VW/TMqtVsiLqnakZdez21z9UIC2zWODFkmT/8Z5QmdYdmLCP0QA6KKbMdRJ\nfNL1B4ARWo0uXPyVDnD31a4bOZPwc8cJspWYF1pmryfHOUCMpaIm1DAsy5epz2wi\nDvab6bgdpYVB0q0XttHk0GY7jsfc0GskB8weFOu/oPQFHfEIwTxiL+8lNE2FHQGu\ngrXf7OhXD5/6J9TKgzqJTL58vhClXVG3O4OPGQIDAQABAoIBAAUguzWOJJ+LtphP\nbnjLKo/A2Q0ijLamndyK8ZgiAxtlfciUN3b3GkC7Dtp0Bth3QpX9KTke4Q8ZbAI3\n174OZX3fCV04BpwvMBdYCTaN3auYSQusl+Th5BicqGnZ9rSUAOB/26DMuveeQck5\nDnI9JADumK6sdmq48dB36QGOxU4MwKnEBWKuh8x0cxZvI2FeU9Vnqc2PhGRcYeyA\nyDnYJySS5JvHchcVFsxTI0FGFxRgBZbPJCusRphllamydID15BofDD8D9O9eoCcp\nmI/hWaT/RbLRWkw+8q9URK3Qfz9Tj553ydwmE3XX0HgcNnCdAIPp5C+B+UdHamzY\nUNMhS/ECgYEA0H7F6G20uOCBGk91qihyudINSxdFql+ko0K97ztXnqsmW42jtIww\nHzlnHmYJNMRSrf5EDp7jkCT6TqR9LWVMj4Pe1+0p11fvNJS2M9zTR0qMazAT0W4V\ntC9Nj8DkWzfF3vTgw8r3HbIHbyC/ZY2ymyMhYMYMHHx0NHQk5d7/sQ0CgYEA7gNV\nYhZdtW+Pi9tDvpr2QtZHvFBZ4NkIaVzvZpFfM1jnOzgmU1+QOTx+0tEV1j48FHPf\nbaN+dNrp5u7mlGP3fAofcWNg0pHGEqG6+9yGtzzS/uGJKVxKundo1yWT9av7n1wl\nAMc1yMnTbCcV9B37O2XYqetUsLIgfwxO4OYSGz0CgYEArvEQgnw63b2S1k7B/iq+\nSOjVOqKmU9S4wjxoPmnelUYqgzuPlxjh7/EsczdOljX84f2tgU8UxoggdwhR+Fs9\nKFaQD0Hyj7w6/DWjxFSP+wu0UuQeXOYv0+a0/9/sPBXKM8/pIKAXRZVx427o6f9B\nVCbgBOFonCZZIwIpS7AXf6kCgYEApUXjUE0/nPFuuCr1i7GHNzocbgNNpfiPArrp\n8ksX1EvzpQeEdXhyaYw8dJ+DjlWA2qLrjvJsqTAqI5XYv0n7XEKbOt1LKmzXIbD0\nalfjo/G0ghCScgoIShsIzfzmFT3rZ+lQOI4cJuUezocFk5IOFlzOao9jK59FOXOO\nglTAVfECgYBwW0WZclGpZNA092Z8c5eBo7fiFvnDPi4Y0SHhM3DeoJrkAyztA4D9\nnI+1+lpNSsRGiEQIa+Pjoj6lt89M6m77ooaBNccX60m40PXI9tlkHaryKKiYmI2S\nccBF5NbQsJ1bFX6pXFgHqm6m9pbAZblcu1jlbpxeV1HP9DxDkpUwJg==\n-----END RSA PRIVATE KEY-----\n",
            "private_key_pem_pkcs8": "-----BEGIN PRIVATE KEY-----\nMIIEvgIBADANBgkqhkiG9w0BAQEFAASCBKgwggSkAgEAAoIBAQDB2JMEYixzOj/k\nidYx9JV5JRWB1gqDhNNUocLte+BQBhSu7rrSW2+olGPY2fJjo7e7DYSYNRZLR/o8\nt5byYt45eFTlLsjBaO5od2UKP+wiJy0hRP5lj5/lVb9Myq1WyIuqdqRl17PbXP1Q\ngLbNY4MWSZP/xnlCZ1h2YsI/RADoopsx1El80vUHgBFajS5c/JUOcPfVrhs5k/Bz\nxwmylZgXWmavJ8c5QIyloibUMCzLl6nPbCIO9pvpuB2lhUHSrRe20eTQZjuOx9zQ\nayQHzB4U67+g9AUd8QjBPGIv7yU0TYUdAa6Ctd/s6FcPn/on1MqDOolMvny+EKVd\nUbc7g48ZAgMBAAECggEABSC7NY4kn4u2mE9ueMsqj8DZDSKMtqad3IrxmCIDG2V9\nyJQ3dvcaQLsO2nQG2HdClf0pOR7hDxlsAjfXvg5lfd8JXTgGnC8wF1gJNo3dq5hJ\nC6yX5OHkGJyoadn2tJQA4H/boMy6955ByTkOcj0kAO6Yrqx2arjx0HfpAY7FTgzA\nqcQFYq6HzHRzFm8jYV5T1WepzY+EZFxh7IDIOdgnJJLkm8dyFxUWzFMjQUYXFGAF\nls8kK6xGmGWVqbJ0gPXkGh8MPwP0716gJymYj+FZpP9FstFaTD7yr1RErdB/P1OP\nnnfJ3CYTddfQeBw2cJ0Ag+nkL4H5R0dqbNhQ0yFL8QKBgQDQfsXobbS44IEaT3Wq\nKHK50g1LF0WqX6SjQr3vO1eeqyZbjaO0jDAfOWceZgk0xFKt/kQOnuOQJPpOpH0t\nZUyPg97X7SnXV+80lLYz3NNHSoxrMBPRbhW0L02PwORbN8Xe9ODDyvcdsgdvIL9l\njbKbIyFgxgwcfHQ0dCTl3v+xDQKBgQDuA1ViFl21b4+L20O+mvZC1ke8UFng2Qhp\nXO9mkV8zWOc7OCZTX5A5PH7S0RXWPjwUc99to3502unm7uaUY/d8Ch9xY2DSkcYS\nobr73Ia3PNL+4YkpXEq6d2jXJZP1q/ufXCUAxzXIydNsJxX0Hfs7Zdip61SwsiB/\nDE7g5hIbPQKBgQCu8RCCfDrdvZLWTsH+Kr5I6NU6oqZT1LjCPGg+ad6VRiqDO4+X\nGOHv8SxzN06WNfzh/a2BTxTGiCB3CFH4Wz0oVpAPQfKPvDr8NaPEVI/7C7RS5B5c\n5i/T5rT/3+w8Fcozz+kgoBdFlXHjbujp/0FUJuAE4WicJlkjAilLsBd/qQKBgQCl\nReNQTT+c8W64KvWLsYc3OhxuA02l+I8CuunySxfUS/OlB4R1eHJpjDx0n4OOVYDa\nouuO8mypMCojldi/SftcQps63UsqbNchsPRqV+Oj8bSCEJJyCghKGwjN/OYVPetn\n6VA4jhwm5R7OhwWTkg4WXM5qj2Mrn0U5c46CVMBV8QKBgHBbRZlyUalk0DT3Znxz\nl4Gjt+IW+cM+LhjRIeEzcN6gmuQDLO0DgP2cj7X6Wk1KxEaIRAhr4+OiPqW3z0zq\nbvuihoE1xxfrSbjQ9cj22WQdqvIoqJiYjZJxwEXk1tCwnVsVfqlcWAeqbqb2lsBl\nuVy7WOVunF5XUc/0PEOSlTAm\n-----END PRIVATE KEY-----\n",
            "public_key_fingerprint_md5": "04:38:bc:16:27:aa:cf:0a:46:8b:86:49:e3:e1:02:53",
            "public_key_fingerprint_sha256": "SHA256:8iFq7ZtyQy5mMj23oDkABSZPIXC2JVkyjJL87w6+XHw",
            "public_key_openssh": "ssh-rsa AAAAB3NzaC1yc2EAAAADAQABAAABAQDB2JMEYixzOj/kidYx9JV5JRWB1gqDhNNUocLte+BQBhSu7rrSW2+olGPY2fJjo7e7DYSYNRZLR/o8t5byYt45eFTlLsjBaO5od2UKP+wiJy0hRP5lj5/lVb9Myq1WyIuqdqRl17PbXP1QgLbNY4MWSZP/xnlCZ1h2YsI/RADoopsx1El80vUHgBFajS5c/JUOcPfVrhs5k/BzxwmylZgXWmavJ8c5QIyloibUMCzLl6nPbCIO9pvpuB2lhUHSrRe20eTQZjuOx9zQayQHzB4U67+g9AUd8QjBPGIv7yU0TYUdAa6Ctd/s6FcPn/on1MqDOolMvny+EKVdUbc7g48Z\n",
            "public_key_pem": "-----BEGIN PUBLIC KEY-----\nMIIBIjANBgkqhkiG9w0BAQEFAAOCAQ8AMIIBCgKCAQEAwdiTBGIsczo/5InWMfSV\neSUVgdYKg4TTVKHC7XvgUAYUru660ltvqJRj2NnyY6O3uw2EmDUWS0f6PLeW8mLe\nOXhU5S7IwWjuaHdlCj/sIictIUT+ZY+f5VW/TMqtVsiLqnakZdez21z9UIC2zWOD\nFkmT/8Z5QmdYdmLCP0QA6KKbMdRJfNL1B4ARWo0uXPyVDnD31a4bOZPwc8cJspWY\nF1pmryfHOUCMpaIm1DAsy5epz2wiDvab6bgdpYVB0q0XttHk0GY7jsfc0GskB8we\nFOu/oPQFHfEIwTxiL+8lNE2FHQGugrXf7OhXD5/6J9TKgzqJTL58vhClXVG3O4OP\nGQIDAQAB\n-----END PUBLIC KEY-----\n",
            "rsa_bits": 2048
          },
          "sensitive_attributes": [
            [
              {
                "type": "get_attr",
                "value": "private_key_openssh"
              }
            ],
            [
              {
                "type": "get_attr",
                "value": "private_key_pem"
              }
            ],
            [
              {
                "type": "get_attr",
                "value": "private_key_pem_pkcs8"
              }
            ]
          ],
          "identity_schema_version": 0
        }
      ]
    }
  ],
  "check_results": [
    {
      "object_kind": "var",
      "config_addr": "var.Subnet-CIDR",
      "status": "pass",
      "objects": [
        {
          "object_addr": "var.Subnet-CIDR",
          "status": "pass"
        }
      ]
    },
    {
      "object_kind": "var",
      "config_addr": "var.VCN-CIDR",
      "status": "pass",
      "objects": [
        {
          "object_addr": "var.VCN-CIDR",
          "status": "pass"
        }
      ]
    }
  ]
}
